// !$*UTF8*$!
{
	archiveVersion = 1;
	classes = {
	};
	objectVersion = 56;
	objects = {

/* Begin PBXBuildFile section */
		2B74AA3429D569BC00CEE024 /* QuestionPage.swift in Sources */ = {isa = PBXBuildFile; fileRef = 2B74AA3329D569BC00CEE024 /* QuestionPage.swift */; };
		2B74AA3629D5711800CEE024 /* Math.swift in Sources */ = {isa = PBXBuildFile; fileRef = 2B74AA3529D5711800CEE024 /* Math.swift */; };
		2B8BD96529D8792F00AEA9E2 /* SumQuestionPage.swift in Sources */ = {isa = PBXBuildFile; fileRef = 2B8BD96429D8792F00AEA9E2 /* SumQuestionPage.swift */; };
		2B8BEC1F29D55081003722E8 /* HomeView.swift in Sources */ = {isa = PBXBuildFile; fileRef = 2B8BEC1E29D55081003722E8 /* HomeView.swift */; };
		2B9999B529D4060C00B62347 /* OnboardingView.swift in Sources */ = {isa = PBXBuildFile; fileRef = 2B9999B429D4060C00B62347 /* OnboardingView.swift */; };
		2BB406A929D696EB00B78AB8 /* TestView.swift in Sources */ = {isa = PBXBuildFile; fileRef = 2BB406A829D696EB00B78AB8 /* TestView.swift */; };
		2BE4F6A929D3F41C00D83CDF /* MathOApp.swift in Sources */ = {isa = PBXBuildFile; fileRef = 2BE4F6A829D3F41C00D83CDF /* MathOApp.swift */; };
		2BE4F6AB29D3F41C00D83CDF /* ContentView.swift in Sources */ = {isa = PBXBuildFile; fileRef = 2BE4F6AA29D3F41C00D83CDF /* ContentView.swift */; };
		2BE4F6AD29D3F41D00D83CDF /* Assets.xcassets in Resources */ = {isa = PBXBuildFile; fileRef = 2BE4F6AC29D3F41D00D83CDF /* Assets.xcassets */; };
		2BE4F6B029D3F41D00D83CDF /* Preview Assets.xcassets in Resources */ = {isa = PBXBuildFile; fileRef = 2BE4F6AF29D3F41D00D83CDF /* Preview Assets.xcassets */; };
		2BE4F6D529D3F95C00D83CDF /* SplashScreenView.swift in Sources */ = {isa = PBXBuildFile; fileRef = 2BE4F6D429D3F95C00D83CDF /* SplashScreenView.swift */; };
		458F10D429DE63C100B5B510 /* TutorialFinishView.swift in Sources */ = {isa = PBXBuildFile; fileRef = 458F10D329DE63C100B5B510 /* TutorialFinishView.swift */; };
		742B1BB329DBEF340049E8EE /* SolutionView.swift in Sources */ = {isa = PBXBuildFile; fileRef = 742B1BB229DBEF340049E8EE /* SolutionView.swift */; };
		742B1BB529DD0F370049E8EE /* ExplainView.swift in Sources */ = {isa = PBXBuildFile; fileRef = 742B1BB429DD0F370049E8EE /* ExplainView.swift */; };
		74846C0C29DDD1FD00530195 /* WrapUpView.swift in Sources */ = {isa = PBXBuildFile; fileRef = 74846C0B29DDD1FD00530195 /* WrapUpView.swift */; };
		A66F6E7F29DBDC7300260680 /* TutorialView.swift in Sources */ = {isa = PBXBuildFile; fileRef = A66F6E7E29DBDC7300260680 /* TutorialView.swift */; };
		A6D463D72CBA492A0041708F /* OnboardingStepModel.swift in Sources */ = {isa = PBXBuildFile; fileRef = A6D463D62CBA492A0041708F /* OnboardingStepModel.swift */; };
		CB7EE06E29DD0608009D2880 /* MathPattern.swift in Sources */ = {isa = PBXBuildFile; fileRef = CB7EE06D29DD0608009D2880 /* MathPattern.swift */; };
		CB7EE07029DD0F74009D2880 /* PatternModel.swift in Sources */ = {isa = PBXBuildFile; fileRef = CB7EE06F29DD0F74009D2880 /* PatternModel.swift */; };
		CB95073A29DD2144003065B0 /* MathSolution.swift in Sources */ = {isa = PBXBuildFile; fileRef = CB95073929DD2144003065B0 /* MathSolution.swift */; };
		CBA6422229E5027E006006AA /* PatternViewModel.swift in Sources */ = {isa = PBXBuildFile; fileRef = CBA6422129E5027E006006AA /* PatternViewModel.swift */; };
		CBF7975429E6724B00E362A1 /* TabularRegressor.swift in Sources */ = {isa = PBXBuildFile; fileRef = CBF7975329E6724B00E362A1 /* TabularRegressor.swift */; };
/* End PBXBuildFile section */

/* Begin PBXFileReference section */
		2B74AA3329D569BC00CEE024 /* QuestionPage.swift */ = {isa = PBXFileReference; lastKnownFileType = sourcecode.swift; path = QuestionPage.swift; sourceTree = "<group>"; };
		2B74AA3529D5711800CEE024 /* Math.swift */ = {isa = PBXFileReference; lastKnownFileType = sourcecode.swift; path = Math.swift; sourceTree = "<group>"; };
		2B74AA3929D5854900CEE024 /* Info.plist */ = {isa = PBXFileReference; lastKnownFileType = text.plist; path = Info.plist; sourceTree = "<group>"; };
		2B8BD96429D8792F00AEA9E2 /* SumQuestionPage.swift */ = {isa = PBXFileReference; lastKnownFileType = sourcecode.swift; path = SumQuestionPage.swift; sourceTree = "<group>"; };
		2B8BEC1E29D55081003722E8 /* HomeView.swift */ = {isa = PBXFileReference; lastKnownFileType = sourcecode.swift; path = HomeView.swift; sourceTree = "<group>"; };
		2B9999B429D4060C00B62347 /* OnboardingView.swift */ = {isa = PBXFileReference; lastKnownFileType = sourcecode.swift; path = OnboardingView.swift; sourceTree = "<group>"; };
		2BB406A829D696EB00B78AB8 /* TestView.swift */ = {isa = PBXFileReference; lastKnownFileType = sourcecode.swift; path = TestView.swift; sourceTree = "<group>"; };
		2BE4F6A529D3F41C00D83CDF /* MixMath.app */ = {isa = PBXFileReference; explicitFileType = wrapper.application; includeInIndex = 0; path = MixMath.app; sourceTree = BUILT_PRODUCTS_DIR; };
		2BE4F6A829D3F41C00D83CDF /* MathOApp.swift */ = {isa = PBXFileReference; lastKnownFileType = sourcecode.swift; path = MathOApp.swift; sourceTree = "<group>"; };
		2BE4F6AA29D3F41C00D83CDF /* ContentView.swift */ = {isa = PBXFileReference; lastKnownFileType = sourcecode.swift; path = ContentView.swift; sourceTree = "<group>"; };
		2BE4F6AC29D3F41D00D83CDF /* Assets.xcassets */ = {isa = PBXFileReference; lastKnownFileType = folder.assetcatalog; path = Assets.xcassets; sourceTree = "<group>"; };
		2BE4F6AF29D3F41D00D83CDF /* Preview Assets.xcassets */ = {isa = PBXFileReference; lastKnownFileType = folder.assetcatalog; path = "Preview Assets.xcassets"; sourceTree = "<group>"; };
		2BE4F6D429D3F95C00D83CDF /* SplashScreenView.swift */ = {isa = PBXFileReference; lastKnownFileType = sourcecode.swift; path = SplashScreenView.swift; sourceTree = "<group>"; };
		458F10D329DE63C100B5B510 /* TutorialFinishView.swift */ = {isa = PBXFileReference; lastKnownFileType = sourcecode.swift; path = TutorialFinishView.swift; sourceTree = "<group>"; };
		742B1BB229DBEF340049E8EE /* SolutionView.swift */ = {isa = PBXFileReference; lastKnownFileType = sourcecode.swift; path = SolutionView.swift; sourceTree = "<group>"; };
		742B1BB429DD0F370049E8EE /* ExplainView.swift */ = {isa = PBXFileReference; lastKnownFileType = sourcecode.swift; path = ExplainView.swift; sourceTree = "<group>"; };
		74846C0B29DDD1FD00530195 /* WrapUpView.swift */ = {isa = PBXFileReference; lastKnownFileType = sourcecode.swift; path = WrapUpView.swift; sourceTree = "<group>"; };
		A66F6E7E29DBDC7300260680 /* TutorialView.swift */ = {isa = PBXFileReference; lastKnownFileType = sourcecode.swift; path = TutorialView.swift; sourceTree = "<group>"; };
		A6D463D62CBA492A0041708F /* OnboardingStepModel.swift */ = {isa = PBXFileReference; lastKnownFileType = sourcecode.swift; path = OnboardingStepModel.swift; sourceTree = "<group>"; };
		CB7EE06D29DD0608009D2880 /* MathPattern.swift */ = {isa = PBXFileReference; lastKnownFileType = sourcecode.swift; path = MathPattern.swift; sourceTree = "<group>"; };
		CB7EE06F29DD0F74009D2880 /* PatternModel.swift */ = {isa = PBXFileReference; lastKnownFileType = sourcecode.swift; path = PatternModel.swift; sourceTree = "<group>"; };
		CB81671A29E64F8200034E56 /* CreateML.framework */ = {isa = PBXFileReference; lastKnownFileType = wrapper.framework; name = CreateML.framework; path = System/Library/Frameworks/CreateML.framework; sourceTree = SDKROOT; };
		CB81671C29E6505B00034E56 /* CreateML.framework */ = {isa = PBXFileReference; lastKnownFileType = wrapper.framework; name = CreateML.framework; path = Platforms/MacOSX.platform/Developer/SDKs/MacOSX13.3.sdk/System/Library/Frameworks/CreateML.framework; sourceTree = DEVELOPER_DIR; };
		CB95073929DD2144003065B0 /* MathSolution.swift */ = {isa = PBXFileReference; lastKnownFileType = sourcecode.swift; path = MathSolution.swift; sourceTree = "<group>"; };
		CBA6422129E5027E006006AA /* PatternViewModel.swift */ = {isa = PBXFileReference; lastKnownFileType = sourcecode.swift; path = PatternViewModel.swift; sourceTree = "<group>"; };
		CBF7975329E6724B00E362A1 /* TabularRegressor.swift */ = {isa = PBXFileReference; lastKnownFileType = sourcecode.swift; path = TabularRegressor.swift; sourceTree = "<group>"; };
/* End PBXFileReference section */

/* Begin PBXFrameworksBuildPhase section */
		2BE4F6A229D3F41C00D83CDF /* Frameworks */ = {
			isa = PBXFrameworksBuildPhase;
			buildActionMask = 2147483647;
			files = (
			);
			runOnlyForDeploymentPostprocessing = 0;
		};
/* End PBXFrameworksBuildPhase section */

/* Begin PBXGroup section */
		2BE4F69C29D3F41C00D83CDF = {
			isa = PBXGroup;
			children = (
				2BE4F6A729D3F41C00D83CDF /* MathO */,
				2BE4F6A629D3F41C00D83CDF /* Products */,
				CB81671929E64F8200034E56 /* Frameworks */,
			);
			sourceTree = "<group>";
		};
		2BE4F6A629D3F41C00D83CDF /* Products */ = {
			isa = PBXGroup;
			children = (
				2BE4F6A529D3F41C00D83CDF /* MixMath.app */,
			);
			name = Products;
			sourceTree = "<group>";
		};
		2BE4F6A729D3F41C00D83CDF /* MathO */ = {
			isa = PBXGroup;
			children = (
				A6D463D12CBA48F40041708F /* Modules */,
				2B74AA3929D5854900CEE024 /* Info.plist */,
				CBA6422329E502AC006006AA /* Math */,
				2BE4F6A829D3F41C00D83CDF /* MathOApp.swift */,
				2BE4F6D429D3F95C00D83CDF /* SplashScreenView.swift */,
				2B8BD96429D8792F00AEA9E2 /* SumQuestionPage.swift */,
				2BE4F6AA29D3F41C00D83CDF /* ContentView.swift */,
				2B74AA3329D569BC00CEE024 /* QuestionPage.swift */,
				2BB406A829D696EB00B78AB8 /* TestView.swift */,
				2B8BEC1E29D55081003722E8 /* HomeView.swift */,
				742B1BB229DBEF340049E8EE /* SolutionView.swift */,
				742B1BB429DD0F370049E8EE /* ExplainView.swift */,
				74846C0B29DDD1FD00530195 /* WrapUpView.swift */,
				2BE4F6AC29D3F41D00D83CDF /* Assets.xcassets */,
				2BE4F6AE29D3F41D00D83CDF /* Preview Content */,
				A66F6E7E29DBDC7300260680 /* TutorialView.swift */,
				458F10D329DE63C100B5B510 /* TutorialFinishView.swift */,
			);
			path = MathO;
			sourceTree = "<group>";
		};
		2BE4F6AE29D3F41D00D83CDF /* Preview Content */ = {
			isa = PBXGroup;
			children = (
				2BE4F6AF29D3F41D00D83CDF /* Preview Assets.xcassets */,
			);
			path = "Preview Content";
			sourceTree = "<group>";
		};
		A6D463D12CBA48F40041708F /* Modules */ = {
			isa = PBXGroup;
			children = (
				A6D463D22CBA48FD0041708F /* Onboarding */,
			);
			path = Modules;
			sourceTree = "<group>";
		};
		A6D463D22CBA48FD0041708F /* Onboarding */ = {
			isa = PBXGroup;
			children = (
				A6D463D52CBA49130041708F /* ViewModel */,
				A6D463D42CBA490E0041708F /* View */,
				A6D463D32CBA49090041708F /* Model */,
			);
			path = Onboarding;
			sourceTree = "<group>";
		};
		A6D463D32CBA49090041708F /* Model */ = {
			isa = PBXGroup;
			children = (
				A6D463D62CBA492A0041708F /* OnboardingStepModel.swift */,
			);
			path = Model;
			sourceTree = "<group>";
		};
		A6D463D42CBA490E0041708F /* View */ = {
			isa = PBXGroup;
			children = (
				2B9999B429D4060C00B62347 /* OnboardingView.swift */,
			);
			path = View;
			sourceTree = "<group>";
		};
		A6D463D52CBA49130041708F /* ViewModel */ = {
			isa = PBXGroup;
			children = (
			);
			path = ViewModel;
			sourceTree = "<group>";
		};
			isa = PBXGroup;
			children = (
			);
			sourceTree = "<group>";
		};
			isa = PBXGroup;
			children = (
			);
			sourceTree = "<group>";
		};
		CB81671929E64F8200034E56 /* Frameworks */ = {
			isa = PBXGroup;
			children = (
				CB81671C29E6505B00034E56 /* CreateML.framework */,
				CB81671A29E64F8200034E56 /* CreateML.framework */,
			);
			name = Frameworks;
			sourceTree = "<group>";
		};
		CBA6422329E502AC006006AA /* Math */ = {
			isa = PBXGroup;
			children = (
				2B74AA3529D5711800CEE024 /* Math.swift */,
				CBA6422129E5027E006006AA /* PatternViewModel.swift */,
				CBF7975329E6724B00E362A1 /* TabularRegressor.swift */,
				CB95073929DD2144003065B0 /* MathSolution.swift */,
				CB7EE06D29DD0608009D2880 /* MathPattern.swift */,
				CB7EE06F29DD0F74009D2880 /* PatternModel.swift */,
			);
			path = Math;
			sourceTree = "<group>";
		};
/* End PBXGroup section */

/* Begin PBXNativeTarget section */
		2BE4F6A429D3F41C00D83CDF /* MixMath */ = {
			isa = PBXNativeTarget;
			buildConfigurationList = 2BE4F6C929D3F41D00D83CDF /* Build configuration list for PBXNativeTarget "MixMath" */;
			buildPhases = (
				2BE4F6A129D3F41C00D83CDF /* Sources */,
				2BE4F6A229D3F41C00D83CDF /* Frameworks */,
				2BE4F6A329D3F41C00D83CDF /* Resources */,
			);
			buildRules = (
			);
			dependencies = (
			);
			name = MixMath;
			productName = MathO;
			productReference = 2BE4F6A529D3F41C00D83CDF /* MixMath.app */;
			productType = "com.apple.product-type.application";
		};
/* End PBXNativeTarget section */

/* Begin PBXProject section */
		2BE4F69D29D3F41C00D83CDF /* Project object */ = {
			isa = PBXProject;
			attributes = {
				BuildIndependentTargetsInParallel = 1;
				LastSwiftUpdateCheck = 1420;
				LastUpgradeCheck = 1420;
				TargetAttributes = {
					2BE4F6A429D3F41C00D83CDF = {
						CreatedOnToolsVersion = 14.2;
					};
				};
			};
			buildConfigurationList = 2BE4F6A029D3F41C00D83CDF /* Build configuration list for PBXProject "MixMath" */;
			compatibilityVersion = "Xcode 14.0";
			developmentRegion = en;
			hasScannedForEncodings = 0;
			knownRegions = (
				en,
				Base,
			);
			mainGroup = 2BE4F69C29D3F41C00D83CDF;
			productRefGroup = 2BE4F6A629D3F41C00D83CDF /* Products */;
			projectDirPath = "";
			projectRoot = "";
			targets = (
				2BE4F6A429D3F41C00D83CDF /* MixMath */,
			);
		};
/* End PBXProject section */

/* Begin PBXResourcesBuildPhase section */
		2BE4F6A329D3F41C00D83CDF /* Resources */ = {
			isa = PBXResourcesBuildPhase;
			buildActionMask = 2147483647;
			files = (
				2BE4F6B029D3F41D00D83CDF /* Preview Assets.xcassets in Resources */,
				2BE4F6AD29D3F41D00D83CDF /* Assets.xcassets in Resources */,
			);
			runOnlyForDeploymentPostprocessing = 0;
		};
/* End PBXResourcesBuildPhase section */

/* Begin PBXSourcesBuildPhase section */
		2BE4F6A129D3F41C00D83CDF /* Sources */ = {
			isa = PBXSourcesBuildPhase;
			buildActionMask = 2147483647;
			files = (
				742B1BB529DD0F370049E8EE /* ExplainView.swift in Sources */,
				2BE4F6AB29D3F41C00D83CDF /* ContentView.swift in Sources */,
				2B74AA3429D569BC00CEE024 /* QuestionPage.swift in Sources */,
				2B8BD96529D8792F00AEA9E2 /* SumQuestionPage.swift in Sources */,
				CB95073A29DD2144003065B0 /* MathSolution.swift in Sources */,
				2BE4F6A929D3F41C00D83CDF /* MathOApp.swift in Sources */,
				CB7EE07029DD0F74009D2880 /* PatternModel.swift in Sources */,
				CB7EE06E29DD0608009D2880 /* MathPattern.swift in Sources */,
				CBF7975429E6724B00E362A1 /* TabularRegressor.swift in Sources */,
				2B8BEC1F29D55081003722E8 /* HomeView.swift in Sources */,
				742B1BB329DBEF340049E8EE /* SolutionView.swift in Sources */,
				A6D463D72CBA492A0041708F /* OnboardingStepModel.swift in Sources */,
				2B9999B529D4060C00B62347 /* OnboardingView.swift in Sources */,
				A66F6E7F29DBDC7300260680 /* TutorialView.swift in Sources */,
				2BB406A929D696EB00B78AB8 /* TestView.swift in Sources */,
				CBA6422229E5027E006006AA /* PatternViewModel.swift in Sources */,
				74846C0C29DDD1FD00530195 /* WrapUpView.swift in Sources */,
				2BE4F6D529D3F95C00D83CDF /* SplashScreenView.swift in Sources */,
				2B74AA3629D5711800CEE024 /* Math.swift in Sources */,
				458F10D429DE63C100B5B510 /* TutorialFinishView.swift in Sources */,
			);
			runOnlyForDeploymentPostprocessing = 0;
		};
/* End PBXSourcesBuildPhase section */

/* Begin XCBuildConfiguration section */
		2BE4F6C729D3F41D00D83CDF /* Debug */ = {
			isa = XCBuildConfiguration;
			buildSettings = {
				ALWAYS_SEARCH_USER_PATHS = NO;
				CLANG_ANALYZER_NONNULL = YES;
				CLANG_ANALYZER_NUMBER_OBJECT_CONVERSION = YES_AGGRESSIVE;
				CLANG_CXX_LANGUAGE_STANDARD = "gnu++20";
				CLANG_ENABLE_MODULES = YES;
				CLANG_ENABLE_OBJC_ARC = YES;
				CLANG_ENABLE_OBJC_WEAK = YES;
				CLANG_WARN_BLOCK_CAPTURE_AUTORELEASING = YES;
				CLANG_WARN_BOOL_CONVERSION = YES;
				CLANG_WARN_COMMA = YES;
				CLANG_WARN_CONSTANT_CONVERSION = YES;
				CLANG_WARN_DEPRECATED_OBJC_IMPLEMENTATIONS = YES;
				CLANG_WARN_DIRECT_OBJC_ISA_USAGE = YES_ERROR;
				CLANG_WARN_DOCUMENTATION_COMMENTS = YES;
				CLANG_WARN_EMPTY_BODY = YES;
				CLANG_WARN_ENUM_CONVERSION = YES;
				CLANG_WARN_INFINITE_RECURSION = YES;
				CLANG_WARN_INT_CONVERSION = YES;
				CLANG_WARN_NON_LITERAL_NULL_CONVERSION = YES;
				CLANG_WARN_OBJC_IMPLICIT_RETAIN_SELF = YES;
				CLANG_WARN_OBJC_LITERAL_CONVERSION = YES;
				CLANG_WARN_OBJC_ROOT_CLASS = YES_ERROR;
				CLANG_WARN_QUOTED_INCLUDE_IN_FRAMEWORK_HEADER = YES;
				CLANG_WARN_RANGE_LOOP_ANALYSIS = YES;
				CLANG_WARN_STRICT_PROTOTYPES = YES;
				CLANG_WARN_SUSPICIOUS_MOVE = YES;
				CLANG_WARN_UNGUARDED_AVAILABILITY = YES_AGGRESSIVE;
				CLANG_WARN_UNREACHABLE_CODE = YES;
				CLANG_WARN__DUPLICATE_METHOD_MATCH = YES;
				COPY_PHASE_STRIP = NO;
				DEBUG_INFORMATION_FORMAT = dwarf;
				ENABLE_STRICT_OBJC_MSGSEND = YES;
				ENABLE_TESTABILITY = YES;
				GCC_C_LANGUAGE_STANDARD = gnu11;
				GCC_DYNAMIC_NO_PIC = NO;
				GCC_NO_COMMON_BLOCKS = YES;
				GCC_OPTIMIZATION_LEVEL = 0;
				GCC_PREPROCESSOR_DEFINITIONS = (
					"DEBUG=1",
					"$(inherited)",
				);
				GCC_WARN_64_TO_32_BIT_CONVERSION = YES;
				GCC_WARN_ABOUT_RETURN_TYPE = YES_ERROR;
				GCC_WARN_UNDECLARED_SELECTOR = YES;
				GCC_WARN_UNINITIALIZED_AUTOS = YES_AGGRESSIVE;
				GCC_WARN_UNUSED_FUNCTION = YES;
				GCC_WARN_UNUSED_VARIABLE = YES;
				IPHONEOS_DEPLOYMENT_TARGET = 16.2;
				MTL_ENABLE_DEBUG_INFO = INCLUDE_SOURCE;
				MTL_FAST_MATH = YES;
				ONLY_ACTIVE_ARCH = YES;
				SDKROOT = iphoneos;
				SWIFT_ACTIVE_COMPILATION_CONDITIONS = DEBUG;
				SWIFT_OPTIMIZATION_LEVEL = "-Onone";
			};
			name = Debug;
		};
		2BE4F6C829D3F41D00D83CDF /* Release */ = {
			isa = XCBuildConfiguration;
			buildSettings = {
				ALWAYS_SEARCH_USER_PATHS = NO;
				CLANG_ANALYZER_NONNULL = YES;
				CLANG_ANALYZER_NUMBER_OBJECT_CONVERSION = YES_AGGRESSIVE;
				CLANG_CXX_LANGUAGE_STANDARD = "gnu++20";
				CLANG_ENABLE_MODULES = YES;
				CLANG_ENABLE_OBJC_ARC = YES;
				CLANG_ENABLE_OBJC_WEAK = YES;
				CLANG_WARN_BLOCK_CAPTURE_AUTORELEASING = YES;
				CLANG_WARN_BOOL_CONVERSION = YES;
				CLANG_WARN_COMMA = YES;
				CLANG_WARN_CONSTANT_CONVERSION = YES;
				CLANG_WARN_DEPRECATED_OBJC_IMPLEMENTATIONS = YES;
				CLANG_WARN_DIRECT_OBJC_ISA_USAGE = YES_ERROR;
				CLANG_WARN_DOCUMENTATION_COMMENTS = YES;
				CLANG_WARN_EMPTY_BODY = YES;
				CLANG_WARN_ENUM_CONVERSION = YES;
				CLANG_WARN_INFINITE_RECURSION = YES;
				CLANG_WARN_INT_CONVERSION = YES;
				CLANG_WARN_NON_LITERAL_NULL_CONVERSION = YES;
				CLANG_WARN_OBJC_IMPLICIT_RETAIN_SELF = YES;
				CLANG_WARN_OBJC_LITERAL_CONVERSION = YES;
				CLANG_WARN_OBJC_ROOT_CLASS = YES_ERROR;
				CLANG_WARN_QUOTED_INCLUDE_IN_FRAMEWORK_HEADER = YES;
				CLANG_WARN_RANGE_LOOP_ANALYSIS = YES;
				CLANG_WARN_STRICT_PROTOTYPES = YES;
				CLANG_WARN_SUSPICIOUS_MOVE = YES;
				CLANG_WARN_UNGUARDED_AVAILABILITY = YES_AGGRESSIVE;
				CLANG_WARN_UNREACHABLE_CODE = YES;
				CLANG_WARN__DUPLICATE_METHOD_MATCH = YES;
				COPY_PHASE_STRIP = NO;
				DEBUG_INFORMATION_FORMAT = "dwarf-with-dsym";
				ENABLE_NS_ASSERTIONS = NO;
				ENABLE_STRICT_OBJC_MSGSEND = YES;
				GCC_C_LANGUAGE_STANDARD = gnu11;
				GCC_NO_COMMON_BLOCKS = YES;
				GCC_WARN_64_TO_32_BIT_CONVERSION = YES;
				GCC_WARN_ABOUT_RETURN_TYPE = YES_ERROR;
				GCC_WARN_UNDECLARED_SELECTOR = YES;
				GCC_WARN_UNINITIALIZED_AUTOS = YES_AGGRESSIVE;
				GCC_WARN_UNUSED_FUNCTION = YES;
				GCC_WARN_UNUSED_VARIABLE = YES;
				IPHONEOS_DEPLOYMENT_TARGET = 16.2;
				MTL_ENABLE_DEBUG_INFO = NO;
				MTL_FAST_MATH = YES;
				SDKROOT = iphoneos;
				SWIFT_COMPILATION_MODE = wholemodule;
				SWIFT_OPTIMIZATION_LEVEL = "-O";
				VALIDATE_PRODUCT = YES;
			};
			name = Release;
		};
		2BE4F6CA29D3F41D00D83CDF /* Debug */ = {
			isa = XCBuildConfiguration;
			buildSettings = {
				ASSETCATALOG_COMPILER_APPICON_NAME = AppIcon;
				ASSETCATALOG_COMPILER_GLOBAL_ACCENT_COLOR_NAME = AccentColor;
				CODE_SIGN_IDENTITY = "Apple Development";
				CODE_SIGN_STYLE = Automatic;
				CURRENT_PROJECT_VERSION = 1;
				DEVELOPMENT_ASSET_PATHS = "\"MathO/Preview Content\"";
				DEVELOPMENT_TEAM = BS6K64RQ23;
				ENABLE_PREVIEWS = YES;
				GENERATE_INFOPLIST_FILE = YES;
				INFOPLIST_FILE = MathO/Info.plist;
				INFOPLIST_KEY_UIApplicationSceneManifest_Generation = YES;
				INFOPLIST_KEY_UIApplicationSupportsIndirectInputEvents = YES;
				INFOPLIST_KEY_UILaunchScreen_Generation = YES;
				INFOPLIST_KEY_UIRequiresFullScreen = NO;
				INFOPLIST_KEY_UIStatusBarStyle = UIStatusBarStyleLightContent;
				INFOPLIST_KEY_UISupportedInterfaceOrientations = UIInterfaceOrientationPortrait;
				IPHONEOS_DEPLOYMENT_TARGET = 14.0;
				LD_RUNPATH_SEARCH_PATHS = (
					"$(inherited)",
					"@executable_path/Frameworks",
				);
				MARKETING_VERSION = 1.0;
				PRODUCT_BUNDLE_IDENTIFIER = com.zyi.MathO;
				PRODUCT_NAME = "$(TARGET_NAME)";
				PROVISIONING_PROFILE_SPECIFIER = "";
				SWIFT_EMIT_LOC_STRINGS = YES;
				SWIFT_VERSION = 5.0;
				TARGETED_DEVICE_FAMILY = "1,2";
			};
			name = Debug;
		};
		2BE4F6CB29D3F41D00D83CDF /* Release */ = {
			isa = XCBuildConfiguration;
			buildSettings = {
				ASSETCATALOG_COMPILER_APPICON_NAME = AppIcon;
				ASSETCATALOG_COMPILER_GLOBAL_ACCENT_COLOR_NAME = AccentColor;
				CODE_SIGN_IDENTITY = "Apple Development";
				CODE_SIGN_STYLE = Automatic;
				CURRENT_PROJECT_VERSION = 1;
				DEVELOPMENT_ASSET_PATHS = "\"MathO/Preview Content\"";
				DEVELOPMENT_TEAM = BS6K64RQ23;
				ENABLE_PREVIEWS = YES;
				GENERATE_INFOPLIST_FILE = YES;
				INFOPLIST_FILE = MathO/Info.plist;
				INFOPLIST_KEY_UIApplicationSceneManifest_Generation = YES;
				INFOPLIST_KEY_UIApplicationSupportsIndirectInputEvents = YES;
				INFOPLIST_KEY_UILaunchScreen_Generation = YES;
				INFOPLIST_KEY_UIRequiresFullScreen = NO;
				INFOPLIST_KEY_UIStatusBarStyle = UIStatusBarStyleLightContent;
				INFOPLIST_KEY_UISupportedInterfaceOrientations = UIInterfaceOrientationPortrait;
				IPHONEOS_DEPLOYMENT_TARGET = 14.0;
				LD_RUNPATH_SEARCH_PATHS = (
					"$(inherited)",
					"@executable_path/Frameworks",
				);
				MARKETING_VERSION = 1.0;
				PRODUCT_BUNDLE_IDENTIFIER = "com.Vincent-Gunawan.MathO";
				PRODUCT_NAME = "$(TARGET_NAME)";
				PROVISIONING_PROFILE_SPECIFIER = "";
				SWIFT_EMIT_LOC_STRINGS = YES;
				SWIFT_VERSION = 5.0;
				TARGETED_DEVICE_FAMILY = "1,2";
			};
			name = Release;
		};
/* End XCBuildConfiguration section */

/* Begin XCConfigurationList section */
		2BE4F6A029D3F41C00D83CDF /* Build configuration list for PBXProject "MixMath" */ = {
			isa = XCConfigurationList;
			buildConfigurations = (
				2BE4F6C729D3F41D00D83CDF /* Debug */,
				2BE4F6C829D3F41D00D83CDF /* Release */,
			);
			defaultConfigurationIsVisible = 0;
			defaultConfigurationName = Release;
		};
		2BE4F6C929D3F41D00D83CDF /* Build configuration list for PBXNativeTarget "MixMath" */ = {
			isa = XCConfigurationList;
			buildConfigurations = (
				2BE4F6CA29D3F41D00D83CDF /* Debug */,
				2BE4F6CB29D3F41D00D83CDF /* Release */,
			);
			defaultConfigurationIsVisible = 0;
			defaultConfigurationName = Release;
		};
/* End XCConfigurationList section */
	};
	rootObject = 2BE4F69D29D3F41C00D83CDF /* Project object */;
}
